
Microsoft Visual Studio Solution File, Format Version 12.00
# Visual Studio Version 17
VisualStudioVersion = 17.3.32929.385
MinimumVisualStudioVersion = 10.0.40219.1
Project("{FAE04EC0-301F-11D3-BF4B-00C04F79EFBC}") = "ITSDemo", "ITSDemo\ITSDemo.csproj", "{44F88D62-EE83-4526-977E-F36B1637D390}"
EndProject
Global
	GlobalSection(SolutionConfigurationPlatforms) = preSolution
		Debug|Any CPU = Debug|Any CPU
		Release|Any CPU = Release|Any CPU
	EndGlobalSection
	GlobalSection(ProjectConfigurationPlatforms) = postSolution
		{44F88D62-EE83-4526-977E-F36B1637D390}.Debug|Any CPU.ActiveCfg = Debug|Any CPU
		{44F88D62-EE83-4526-977E-F36B1637D390}.Debug|Any CPU.Build.0 = Debug|Any CPU
		{44F88D62-EE83-4526-977E-F36B1637D390}.Release|Any CPU.ActiveCfg = Release|Any CPU
		{44F88D62-EE83-4526-977E-F36B1637D390}.Release|Any CPU.Build.0 = Release|Any CPU
	EndGlobalSection
	GlobalSection(SolutionProperties) = preSolution
		HideSolutionNode = FALSE
	EndGlobalSection
	GlobalSection(ExtensibilityGlobals) = postSolution
		SolutionGuid = {83E11E8B-88C2-435C-9655-C21854C1964A}
	EndGlobalSection
EndGlobal
